
Microsoft Visual Studio Solution File, Format Version 12.00
# Visual Studio Version 17
VisualStudioVersion = 17.0.31912.275
MinimumVisualStudioVersion = 10.0.40219.1
Project("{FAE04EC0-301F-11D3-BF4B-00C04F79EFBC}") = "BitcoinHelperDemo", "BitcoinHelperDemo\BitcoinHelperDemo.csproj", "{68AD3BEB-E054-4CE1-BEE3-B6DEF632E739}"
EndProject
Project("{FAE04EC0-301F-11D3-BF4B-00C04F79EFBC}") = "BitcoinHelperDemo.Tests", "BitcoinHelperDemo.Tests\BitcoinHelperDemo.Tests.csproj", "{86F379B6-74CE-4BEC-8EB7-8D3BFE6FC48D}"
EndProject
Global
	GlobalSection(SolutionConfigurationPlatforms) = preSolution
		Debug|Any CPU = Debug|Any CPU
		Release|Any CPU = Release|Any CPU
	EndGlobalSection
	GlobalSection(ProjectConfigurationPlatforms) = postSolution
		{68AD3BEB-E054-4CE1-BEE3-B6DEF632E739}.Debug|Any CPU.ActiveCfg = Debug|Any CPU
		{68AD3BEB-E054-4CE1-BEE3-B6DEF632E739}.Debug|Any CPU.Build.0 = Debug|Any CPU
		{68AD3BEB-E054-4CE1-BEE3-B6DEF632E739}.Release|Any CPU.ActiveCfg = Release|Any CPU
		{68AD3BEB-E054-4CE1-BEE3-B6DEF632E739}.Release|Any CPU.Build.0 = Release|Any CPU
		{86F379B6-74CE-4BEC-8EB7-8D3BFE6FC48D}.Debug|Any CPU.ActiveCfg = Debug|Any CPU
		{86F379B6-74CE-4BEC-8EB7-8D3BFE6FC48D}.Debug|Any CPU.Build.0 = Debug|Any CPU
		{86F379B6-74CE-4BEC-8EB7-8D3BFE6FC48D}.Release|Any CPU.ActiveCfg = Release|Any CPU
		{86F379B6-74CE-4BEC-8EB7-8D3BFE6FC48D}.Release|Any CPU.Build.0 = Release|Any CPU
	EndGlobalSection
	GlobalSection(SolutionProperties) = preSolution
		HideSolutionNode = FALSE
	EndGlobalSection
	GlobalSection(ExtensibilityGlobals) = postSolution
		SolutionGuid = {F510C5AA-C760-49BC-B79D-38A2D82E17EE}
	EndGlobalSection
EndGlobal
